{
  "version": 4,
  "terraform_version": "1.14.6",
  "serial": 20,
  "lineage": "5bbb1cc6-982f-85a9-6df9-97ead1615bc5",
  "outputs": {
    "publicip_public_instance": {
      "value": "18.229.158.141",
      "type": "string"
    }
  },
  "resources": [
    {
      "mode": "data",
      "type": "aws_ami",
      "name": "app_ami",
      "provider": "provider[\"registry.terraform.io/hashicorp/aws\"]",
      "instances": [
        {
          "schema_version": 0,
          "attributes": {
            "allow_unsafe_filter": null,
            "architecture": "x86_64",
            "arn": "arn:aws:ec2:sa-east-1::image/ami-094a0bfb1ae202b90",
            "block_device_mappings": [
              {
                "device_name": "/dev/xvda",
                "ebs": {
                  "delete_on_termination": "true",
                  "encrypted": "false",
                  "iops": "3000",
                  "snapshot_id": "snap-0630e708066b11ab3",
                  "throughput": "125",
                  "volume_initialization_rate": "0",
                  "volume_size": "8",
                  "volume_type": "gp3"
                },
                "no_device": "",
                "virtual_name": ""
              }
            ],
            "boot_mode": "uefi-preferred",
            "creation_date": "2026-03-27T02:45:29.000Z",
            "deprecation_time": "2026-06-25T02:51:00.000Z",
            "description": "Amazon Linux 2023 AMI 2023.10.20260325.0 x86_64 HVM kernel-6.1",
            "ena_support": true,
            "executable_users": null,
            "filter": [
              {
                "name": "name",
                "values": [
                  "al2023-ami-2023.*-kernel-6.1-x86_64"
                ]
              },
              {
                "name": "virtualization-type",
                "values": [
                  "hvm"
                ]
              }
            ],
            "hypervisor": "xen",
            "id": "ami-094a0bfb1ae202b90",
            "image_id": "ami-094a0bfb1ae202b90",
            "image_location": "amazon/al2023-ami-2023.10.20260325.0-kernel-6.1-x86_64",
            "image_owner_alias": "amazon",
            "image_type": "machine",
            "imds_support": "v2.0",
            "include_deprecated": false,
            "kernel_id": "",
            "last_launched_time": "",
            "most_recent": true,
            "name": "al2023-ami-2023.10.20260325.0-kernel-6.1-x86_64",
            "name_regex": null,
            "owner_id": "137112412989",
            "owners": [
              "amazon"
            ],
            "platform": "",
            "platform_details": "Linux/UNIX",
            "product_codes": [],
            "public": true,
            "ramdisk_id": "",
            "region": "sa-east-1",
            "root_device_name": "/dev/xvda",
            "root_device_type": "ebs",
            "root_snapshot_id": "snap-0630e708066b11ab3",
            "sriov_net_support": "simple",
            "state": "available",
            "state_reason": {
              "code": "UNSET",
              "message": "UNSET"
            },
            "tags": {},
            "timeouts": null,
            "tpm_support": "",
            "uefi_data": null,
            "usage_operation": "RunInstances",
            "virtualization_type": "hvm"
          },
          "sensitive_attributes": [],
          "identity_schema_version": 0
        }
      ]
    },
    {
      "mode": "managed",
      "type": "aws_eip",
      "name": "nat_eip",
      "provider": "provider[\"registry.terraform.io/hashicorp/aws\"]",
      "instances": [
        {
          "schema_version": 0,
          "attributes": {
            "address": null,
            "allocation_id": "eipalloc-07c20bafae83bf50d",
            "arn": "arn:aws:ec2:sa-east-1:211125453684:elastic-ip/eipalloc-07c20bafae83bf50d",
            "associate_with_private_ip": null,
            "association_id": "",
            "carrier_ip": "",
            "customer_owned_ip": "",
            "customer_owned_ipv4_pool": "",
            "domain": "vpc",
            "id": "eipalloc-07c20bafae83bf50d",
            "instance": "",
            "ipam_pool_id": null,
            "network_border_group": "sa-east-1",
            "network_interface": "",
            "private_dns": null,
            "private_ip": "",
            "ptr_record": "",
            "public_dns": "ec2-18-229-18-137.sa-east-1.compute.amazonaws.com",
            "public_ip": "18.229.18.137",
            "public_ipv4_pool": "amazon",
            "region": "sa-east-1",
            "tags": null,
            "tags_all": {},
            "timeouts": null
          },
          "sensitive_attributes": [],
          "identity_schema_version": 0,
          "private": "eyJlMmJmYjczMC1lY2FhLTExZTYtOGY4OC0zNDM2M2JjN2M0YzAiOnsiZGVsZXRlIjoxODAwMDAwMDAwMDAsInJlYWQiOjkwMDAwMDAwMDAwMCwidXBkYXRlIjozMDAwMDAwMDAwMDB9fQ=="
        }
      ]
    },
    {
      "mode": "managed",
      "type": "aws_instance",
      "name": "private_instance",
      "provider": "provider[\"registry.terraform.io/hashicorp/aws\"]",
      "instances": [
        {
          "schema_version": 2,
          "attributes": {
            "ami": "ami-094a0bfb1ae202b90",
            "arn": "arn:aws:ec2:sa-east-1:211125453684:instance/i-03c6f1763e7800004",
            "associate_public_ip_address": false,
            "availability_zone": "sa-east-1b",
            "capacity_reservation_specification": [
              {
                "capacity_reservation_preference": "open",
                "capacity_reservation_target": []
              }
            ],
            "cpu_options": [
              {
                "amd_sev_snp": "",
                "core_count": 1,
                "nested_virtualization": "",
                "threads_per_core": 2
              }
            ],
            "credit_specification": [
              {
                "cpu_credits": "unlimited"
              }
            ],
            "disable_api_stop": false,
            "disable_api_termination": false,
            "ebs_block_device": [],
            "ebs_optimized": false,
            "enable_primary_ipv6": null,
            "enclave_options": [
              {
                "enabled": false
              }
            ],
            "ephemeral_block_device": [],
            "force_destroy": false,
            "get_password_data": false,
            "hibernation": false,
            "host_id": "",
            "host_resource_group_arn": null,
            "iam_instance_profile": "",
            "id": "i-03c6f1763e7800004",
            "instance_initiated_shutdown_behavior": "stop",
            "instance_lifecycle": "",
            "instance_market_options": [],
            "instance_state": "running",
            "instance_type": "t3.micro",
            "ipv6_address_count": 0,
            "ipv6_addresses": [],
            "key_name": "my-key",
            "launch_template": [],
            "maintenance_options": [
              {
                "auto_recovery": "default"
              }
            ],
            "metadata_options": [
              {
                "http_endpoint": "enabled",
                "http_protocol_ipv6": "disabled",
                "http_put_response_hop_limit": 2,
                "http_tokens": "required",
                "instance_metadata_tags": "disabled"
              }
            ],
            "monitoring": false,
            "network_interface": [],
            "outpost_arn": "",
            "password_data": "",
            "placement_group": "",
            "placement_group_id": "",
            "placement_partition_number": 0,
            "primary_network_interface": [
              {
                "delete_on_termination": true,
                "network_interface_id": "eni-0ca7448da20607583"
              }
            ],
            "primary_network_interface_id": "eni-0ca7448da20607583",
            "private_dns": "ip-10-0-2-5.sa-east-1.compute.internal",
            "private_dns_name_options": [
              {
                "enable_resource_name_dns_a_record": false,
                "enable_resource_name_dns_aaaa_record": false,
                "hostname_type": "ip-name"
              }
            ],
            "private_ip": "10.0.2.5",
            "public_dns": "",
            "public_ip": "",
            "region": "sa-east-1",
            "root_block_device": [
              {
                "delete_on_termination": true,
                "device_name": "/dev/xvda",
                "encrypted": false,
                "iops": 3000,
                "kms_key_id": "",
                "tags": {},
                "tags_all": {},
                "throughput": 125,
                "volume_id": "vol-0ac4ac90a7adad5d8",
                "volume_size": 8,
                "volume_type": "gp3"
              }
            ],
            "secondary_network_interface": [],
            "secondary_private_ips": [],
            "security_groups": [],
            "source_dest_check": true,
            "spot_instance_request_id": "",
            "subnet_id": "subnet-046eb9c5cacc18058",
            "tags": {
              "Name": "Private-Server"
            },
            "tags_all": {
              "Name": "Private-Server"
            },
            "tenancy": "default",
            "timeouts": null,
            "user_data": null,
            "user_data_base64": null,
            "user_data_replace_on_change": false,
            "volume_tags": null,
            "vpc_security_group_ids": [
              "sg-070401f5d47b547fc"
            ]
          },
          "sensitive_attributes": [],
          "identity_schema_version": 0,
          "identity": {
            "account_id": "211125453684",
            "id": "i-03c6f1763e7800004",
            "region": "sa-east-1"
          },
          "private": "eyJlMmJmYjczMC1lY2FhLTExZTYtOGY4OC0zNDM2M2JjN2M0YzAiOnsiY3JlYXRlIjo2MDAwMDAwMDAwMDAsImRlbGV0ZSI6MTIwMDAwMDAwMDAwMCwicmVhZCI6OTAwMDAwMDAwMDAwLCJ1cGRhdGUiOjYwMDAwMDAwMDAwMH0sInNjaGVtYV92ZXJzaW9uIjoiMiJ9",
          "dependencies": [
            "aws_key_pair.my_key",
            "aws_security_group.private_sg",
            "aws_subnet.private",
            "aws_vpc.main",
            "data.aws_ami.app_ami",
            "tls_private_key.generated"
          ]
        }
      ]
    },
    {
      "mode": "managed",
      "type": "aws_instance",
      "name": "public_instance",
      "provider": "provider[\"registry.terraform.io/hashicorp/aws\"]",
      "instances": [
        {
          "schema_version": 2,
          "attributes": {
            "ami": "ami-094a0bfb1ae202b90",
            "arn": "arn:aws:ec2:sa-east-1:211125453684:instance/i-0e210e81f351ab3dc",
            "associate_public_ip_address": true,
            "availability_zone": "sa-east-1a",
            "capacity_reservation_specification": [
              {
                "capacity_reservation_preference": "open",
                "capacity_reservation_target": []
              }
            ],
            "cpu_options": [
              {
                "amd_sev_snp": "",
                "core_count": 1,
                "nested_virtualization": "",
                "threads_per_core": 2
              }
            ],
            "credit_specification": [
              {
                "cpu_credits": "unlimited"
              }
            ],
            "disable_api_stop": false,
            "disable_api_termination": false,
            "ebs_block_device": [],
            "ebs_optimized": false,
            "enable_primary_ipv6": null,
            "enclave_options": [
              {
                "enabled": false
              }
            ],
            "ephemeral_block_device": [],
            "force_destroy": false,
            "get_password_data": false,
            "hibernation": false,
            "host_id": "",
            "host_resource_group_arn": null,
            "iam_instance_profile": "",
            "id": "i-0e210e81f351ab3dc",
            "instance_initiated_shutdown_behavior": "stop",
            "instance_lifecycle": "",
            "instance_market_options": [],
            "instance_state": "running",
            "instance_type": "t3.micro",
            "ipv6_address_count": 0,
            "ipv6_addresses": [],
            "key_name": "my-key",
            "launch_template": [],
            "maintenance_options": [
              {
                "auto_recovery": "default"
              }
            ],
            "metadata_options": [
              {
                "http_endpoint": "enabled",
                "http_protocol_ipv6": "disabled",
                "http_put_response_hop_limit": 2,
                "http_tokens": "required",
                "instance_metadata_tags": "disabled"
              }
            ],
            "monitoring": false,
            "network_interface": [],
            "outpost_arn": "",
            "password_data": "",
            "placement_group": "",
            "placement_group_id": "",
            "placement_partition_number": 0,
            "primary_network_interface": [
              {
                "delete_on_termination": true,
                "network_interface_id": "eni-0c269aba4af654146"
              }
            ],
            "primary_network_interface_id": "eni-0c269aba4af654146",
            "private_dns": "ip-10-0-1-202.sa-east-1.compute.internal",
            "private_dns_name_options": [
              {
                "enable_resource_name_dns_a_record": false,
                "enable_resource_name_dns_aaaa_record": false,
                "hostname_type": "ip-name"
              }
            ],
            "private_ip": "10.0.1.202",
            "public_dns": "",
            "public_ip": "18.229.158.141",
            "region": "sa-east-1",
            "root_block_device": [
              {
                "delete_on_termination": true,
                "device_name": "/dev/xvda",
                "encrypted": false,
                "iops": 3000,
                "kms_key_id": "",
                "tags": {},
                "tags_all": {},
                "throughput": 125,
                "volume_id": "vol-09174d495301543af",
                "volume_size": 8,
                "volume_type": "gp3"
              }
            ],
            "secondary_network_interface": [],
            "secondary_private_ips": [],
            "security_groups": [],
            "source_dest_check": true,
            "spot_instance_request_id": "",
            "subnet_id": "subnet-086733247d9748615",
            "tags": {
              "Name": "Public-Server"
            },
            "tags_all": {
              "Name": "Public-Server"
            },
            "tenancy": "default",
            "timeouts": null,
            "user_data": null,
            "user_data_base64": null,
            "user_data_replace_on_change": false,
            "volume_tags": null,
            "vpc_security_group_ids": [
              "sg-06b9499988adc3ba1"
            ]
          },
          "sensitive_attributes": [],
          "identity_schema_version": 0,
          "identity": {
            "account_id": "211125453684",
            "id": "i-0e210e81f351ab3dc",
            "region": "sa-east-1"
          },
          "private": "eyJlMmJmYjczMC1lY2FhLTExZTYtOGY4OC0zNDM2M2JjN2M0YzAiOnsiY3JlYXRlIjo2MDAwMDAwMDAwMDAsImRlbGV0ZSI6MTIwMDAwMDAwMDAwMCwicmVhZCI6OTAwMDAwMDAwMDAwLCJ1cGRhdGUiOjYwMDAwMDAwMDAwMH0sInNjaGVtYV92ZXJzaW9uIjoiMiJ9",
          "dependencies": [
            "aws_key_pair.my_key",
            "aws_security_group.public_sg",
            "aws_subnet.public",
            "aws_vpc.main",
            "data.aws_ami.app_ami",
            "tls_private_key.generated"
          ]
        }
      ]
    },
    {
      "mode": "managed",
      "type": "aws_internet_gateway",
      "name": "igw",
      "provider": "provider[\"registry.terraform.io/hashicorp/aws\"]",
      "instances": [
        {
          "schema_version": 0,
          "attributes": {
            "arn": "arn:aws:ec2:sa-east-1:211125453684:internet-gateway/igw-0b51b3264aa7f7a8b",
            "id": "igw-0b51b3264aa7f7a8b",
            "owner_id": "211125453684",
            "region": "sa-east-1",
            "tags": null,
            "tags_all": {},
            "timeouts": null,
            "vpc_id": "vpc-06371efad327236dd"
          },
          "sensitive_attributes": [],
          "identity_schema_version": 0,
          "private": "eyJlMmJmYjczMC1lY2FhLTExZTYtOGY4OC0zNDM2M2JjN2M0YzAiOnsiY3JlYXRlIjoxMjAwMDAwMDAwMDAwLCJkZWxldGUiOjEyMDAwMDAwMDAwMDAsInVwZGF0ZSI6MTIwMDAwMDAwMDAwMH19",
          "dependencies": [
            "aws_vpc.main"
          ]
        }
      ]
    },
    {
      "mode": "managed",
      "type": "aws_key_pair",
      "name": "my_key",
      "provider": "provider[\"registry.terraform.io/hashicorp/aws\"]",
      "instances": [
        {
          "schema_version": 1,
          "attributes": {
            "arn": "arn:aws:ec2:sa-east-1:211125453684:key-pair/my-key",
            "fingerprint": "90:fe:47:b6:6c:69:bb:54:2c:ca:4b:07:c3:89:b9:b0",
            "id": "my-key",
            "key_name": "my-key",
            "key_name_prefix": "",
            "key_pair_id": "key-0d2c37565f01a9dad",
            "key_type": "rsa",
            "public_key": "ssh-rsa AAAAB3NzaC1yc2EAAAADAQABAAACAQC89dkYphJYEWouPlwSRUvIIvK83F23L6AIj6PMt5RGUeoZqu2LvQiDi+im4MSCPmtLOsWB46CAjCrUHATpfdO/MMRZWUkiz9lS3QIW+bHMak6TErmGmFi8yKsR+8+W/Y15nxNluz98vNBpB+XkDEl4V0WrhbDHAgy2Q5ZmHan5yQiLDkXft0yqZaDzvZSK1/oZihmTUt1n37a2OIGkj6qxH+90neP988yVqxR7AniT71irwHrdcdFZLeTMCA6Nca1j0WFsCftnUDrolmLk58ZjRxwmFRAUa2JHE+uDPla0rReFSdfA0CR2MnwH/GsL8/rAS/vVCnkr+kA2GGLSKCV4AIUyqI1bPM0dfRhYG1j4uTpTnfg2RcR+5nmEajDJuIwEW3mIbjlAIZrB3zLdj2M4Q434odXr7RokylYOLdUqn1qyueL72u3eR+4yGdOIR8z2HkgrHjQjg37w5QzOyEmrKUWVYk4Dtf7nnNde9qhkXsiejYNL9t/1F2pag0EVZsVufwU6XZpoZLa3z8jcdWvAfUQbH1A4cy0cewiYK1bSd3UqQysVjrzMib2DZzVwVV8gze6gnQ2q74K/p3BOTOiDldfIaINspB9i9FPk5b38+8WFeiaASl/5CgE5y8edviiOp+rdg95WbHbIsxZIF//KeOowI0JZIvUFbachubiV7w==",
            "region": "sa-east-1",
            "tags": null,
            "tags_all": {}
          },
          "sensitive_attributes": [],
          "identity_schema_version": 0,
          "private": "eyJzY2hlbWFfdmVyc2lvbiI6IjEifQ==",
          "dependencies": [
            "tls_private_key.generated"
          ]
        }
      ]
    },
    {
      "mode": "managed",
      "type": "aws_nat_gateway",
      "name": "nat",
      "provider": "provider[\"registry.terraform.io/hashicorp/aws\"]",
      "instances": [
        {
          "schema_version": 0,
          "attributes": {
            "allocation_id": "eipalloc-07c20bafae83bf50d",
            "association_id": "eipassoc-0fec9d3d8b10b08a0",
            "auto_provision_zones": null,
            "auto_scaling_ips": null,
            "availability_mode": "zonal",
            "availability_zone_address": [],
            "connectivity_type": "public",
            "id": "nat-0eee32492783fa110",
            "network_interface_id": "eni-0b83a5ac651a251e9",
            "private_ip": "10.0.1.169",
            "public_ip": "18.229.18.137",
            "region": "sa-east-1",
            "regional_nat_gateway_address": [],
            "regional_nat_gateway_auto_mode": null,
            "route_table_id": null,
            "secondary_allocation_ids": [],
            "secondary_private_ip_address_count": 0,
            "secondary_private_ip_addresses": [],
            "subnet_id": "subnet-086733247d9748615",
            "tags": null,
            "tags_all": {},
            "timeouts": null,
            "vpc_id": "vpc-06371efad327236dd"
          },
          "sensitive_attributes": [],
          "identity_schema_version": 0,
          "private": "eyJlMmJmYjczMC1lY2FhLTExZTYtOGY4OC0zNDM2M2JjN2M0YzAiOnsiY3JlYXRlIjo2MDAwMDAwMDAwMDAsImRlbGV0ZSI6MTgwMDAwMDAwMDAwMCwidXBkYXRlIjo2MDAwMDAwMDAwMDB9fQ==",
          "dependencies": [
            "aws_eip.nat_eip",
            "aws_subnet.public",
            "aws_vpc.main"
          ]
        }
      ]
    },
    {
      "mode": "managed",
      "type": "aws_route",
      "name": "private_nat",
      "provider": "provider[\"registry.terraform.io/hashicorp/aws\"]",
      "instances": [
        {
          "schema_version": 0,
          "attributes": {
            "carrier_gateway_id": "",
            "core_network_arn": "",
            "destination_cidr_block": "0.0.0.0/0",
            "destination_ipv6_cidr_block": "",
            "destination_prefix_list_id": "",
            "egress_only_gateway_id": "",
            "gateway_id": "",
            "id": "r-rtb-0df645d273e9276971080289494",
            "instance_id": "",
            "instance_owner_id": "",
            "local_gateway_id": "",
            "nat_gateway_id": "nat-0eee32492783fa110",
            "network_interface_id": "",
            "origin": "CreateRoute",
            "region": "sa-east-1",
            "route_table_id": "rtb-0df645d273e927697",
            "state": "active",
            "timeouts": null,
            "transit_gateway_id": "",
            "vpc_endpoint_id": "",
            "vpc_peering_connection_id": ""
          },
          "sensitive_attributes": [],
          "identity_schema_version": 0,
          "identity": {
            "account_id": "211125453684",
            "destination_cidr_block": "0.0.0.0/0",
            "destination_ipv6_cidr_block": null,
            "destination_prefix_list_id": null,
            "region": "sa-east-1",
            "route_table_id": "rtb-0df645d273e927697"
          },
          "private": "eyJlMmJmYjczMC1lY2FhLTExZTYtOGY4OC0zNDM2M2JjN2M0YzAiOnsiY3JlYXRlIjozMDAwMDAwMDAwMDAsImRlbGV0ZSI6MzAwMDAwMDAwMDAwLCJ1cGRhdGUiOjEyMDAwMDAwMDAwMH19",
          "dependencies": [
            "aws_eip.nat_eip",
            "aws_nat_gateway.nat",
            "aws_route_table.private_rt",
            "aws_subnet.public",
            "aws_vpc.main"
          ]
        }
      ]
    },
    {
      "mode": "managed",
      "type": "aws_route",
      "name": "public_internet",
      "provider": "provider[\"registry.terraform.io/hashicorp/aws\"]",
      "instances": [
        {
          "schema_version": 0,
          "attributes": {
            "carrier_gateway_id": "",
            "core_network_arn": "",
            "destination_cidr_block": "0.0.0.0/0",
            "destination_ipv6_cidr_block": "",
            "destination_prefix_list_id": "",
            "egress_only_gateway_id": "",
            "gateway_id": "igw-0b51b3264aa7f7a8b",
            "id": "r-rtb-08a4bda0dab12278f1080289494",
            "instance_id": "",
            "instance_owner_id": "",
            "local_gateway_id": "",
            "nat_gateway_id": "",
            "network_interface_id": "",
            "origin": "CreateRoute",
            "region": "sa-east-1",
            "route_table_id": "rtb-08a4bda0dab12278f",
            "state": "active",
            "timeouts": null,
            "transit_gateway_id": "",
            "vpc_endpoint_id": "",
            "vpc_peering_connection_id": ""
          },
          "sensitive_attributes": [],
          "identity_schema_version": 0,
          "identity": {
            "account_id": "211125453684",
            "destination_cidr_block": "0.0.0.0/0",
            "destination_ipv6_cidr_block": null,
            "destination_prefix_list_id": null,
            "region": "sa-east-1",
            "route_table_id": "rtb-08a4bda0dab12278f"
          },
          "private": "eyJlMmJmYjczMC1lY2FhLTExZTYtOGY4OC0zNDM2M2JjN2M0YzAiOnsiY3JlYXRlIjozMDAwMDAwMDAwMDAsImRlbGV0ZSI6MzAwMDAwMDAwMDAwLCJ1cGRhdGUiOjEyMDAwMDAwMDAwMH19",
          "dependencies": [
            "aws_internet_gateway.igw",
            "aws_route_table.public_rt",
            "aws_vpc.main"
          ]
        }
      ]
    },
    {
      "mode": "managed",
      "type": "aws_route_table",
      "name": "private_rt",
      "provider": "provider[\"registry.terraform.io/hashicorp/aws\"]",
      "instances": [
        {
          "schema_version": 0,
          "attributes": {
            "arn": "arn:aws:ec2:sa-east-1:211125453684:route-table/rtb-0df645d273e927697",
            "id": "rtb-0df645d273e927697",
            "owner_id": "211125453684",
            "propagating_vgws": [],
            "region": "sa-east-1",
            "route": [],
            "tags": null,
            "tags_all": {},
            "timeouts": null,
            "vpc_id": "vpc-06371efad327236dd"
          },
          "sensitive_attributes": [],
          "identity_schema_version": 0,
          "identity": {
            "account_id": "211125453684",
            "id": "rtb-0df645d273e927697",
            "region": "sa-east-1"
          },
          "private": "eyJlMmJmYjczMC1lY2FhLTExZTYtOGY4OC0zNDM2M2JjN2M0YzAiOnsiY3JlYXRlIjozMDAwMDAwMDAwMDAsImRlbGV0ZSI6MzAwMDAwMDAwMDAwLCJ1cGRhdGUiOjEyMDAwMDAwMDAwMH19",
          "dependencies": [
            "aws_vpc.main"
          ]
        }
      ]
    },
    {
      "mode": "managed",
      "type": "aws_route_table",
      "name": "public_rt",
      "provider": "provider[\"registry.terraform.io/hashicorp/aws\"]",
      "instances": [
        {
          "schema_version": 0,
          "attributes": {
            "arn": "arn:aws:ec2:sa-east-1:211125453684:route-table/rtb-08a4bda0dab12278f",
            "id": "rtb-08a4bda0dab12278f",
            "owner_id": "211125453684",
            "propagating_vgws": [],
            "region": "sa-east-1",
            "route": [],
            "tags": null,
            "tags_all": {},
            "timeouts": null,
            "vpc_id": "vpc-06371efad327236dd"
          },
          "sensitive_attributes": [],
          "identity_schema_version": 0,
          "identity": {
            "account_id": "211125453684",
            "id": "rtb-08a4bda0dab12278f",
            "region": "sa-east-1"
          },
          "private": "eyJlMmJmYjczMC1lY2FhLTExZTYtOGY4OC0zNDM2M2JjN2M0YzAiOnsiY3JlYXRlIjozMDAwMDAwMDAwMDAsImRlbGV0ZSI6MzAwMDAwMDAwMDAwLCJ1cGRhdGUiOjEyMDAwMDAwMDAwMH19",
          "dependencies": [
            "aws_vpc.main"
          ]
        }
      ]
    },
    {
      "mode": "managed",
      "type": "aws_route_table_association",
      "name": "private_assoc",
      "provider": "provider[\"registry.terraform.io/hashicorp/aws\"]",
      "instances": [
        {
          "schema_version": 0,
          "attributes": {
            "gateway_id": "",
            "id": "rtbassoc-03bfa371cd7381f88",
            "region": "sa-east-1",
            "route_table_id": "rtb-0df645d273e927697",
            "subnet_id": "subnet-046eb9c5cacc18058",
            "timeouts": null
          },
          "sensitive_attributes": [],
          "identity_schema_version": 0,
          "private": "eyJlMmJmYjczMC1lY2FhLTExZTYtOGY4OC0zNDM2M2JjN2M0YzAiOnsiY3JlYXRlIjozMDAwMDAwMDAwMDAsImRlbGV0ZSI6MzAwMDAwMDAwMDAwLCJ1cGRhdGUiOjEyMDAwMDAwMDAwMH19",
          "dependencies": [
            "aws_route_table.private_rt",
            "aws_subnet.private",
            "aws_vpc.main"
          ]
        }
      ]
    },
    {
      "mode": "managed",
      "type": "aws_route_table_association",
      "name": "public_assoc",
      "provider": "provider[\"registry.terraform.io/hashicorp/aws\"]",
      "instances": [
        {
          "schema_version": 0,
          "attributes": {
            "gateway_id": "",
            "id": "rtbassoc-01ae4df11da004f1f",
            "region": "sa-east-1",
            "route_table_id": "rtb-08a4bda0dab12278f",
            "subnet_id": "subnet-086733247d9748615",
            "timeouts": null
          },
          "sensitive_attributes": [],
          "identity_schema_version": 0,
          "private": "eyJlMmJmYjczMC1lY2FhLTExZTYtOGY4OC0zNDM2M2JjN2M0YzAiOnsiY3JlYXRlIjozMDAwMDAwMDAwMDAsImRlbGV0ZSI6MzAwMDAwMDAwMDAwLCJ1cGRhdGUiOjEyMDAwMDAwMDAwMH19",
          "dependencies": [
            "aws_route_table.public_rt",
            "aws_subnet.public",
            "aws_vpc.main"
          ]
        }
      ]
    },
    {
      "mode": "managed",
      "type": "aws_security_group",
      "name": "private_sg",
      "provider": "provider[\"registry.terraform.io/hashicorp/aws\"]",
      "instances": [
        {
          "schema_version": 1,
          "attributes": {
            "arn": "arn:aws:ec2:sa-east-1:211125453684:security-group/sg-070401f5d47b547fc",
            "description": "Managed by Terraform",
            "egress": [
              {
                "cidr_blocks": [
                  "0.0.0.0/0"
                ],
                "description": "",
                "from_port": 0,
                "ipv6_cidr_blocks": [],
                "prefix_list_ids": [],
                "protocol": "-1",
                "security_groups": [],
                "self": false,
                "to_port": 0
              }
            ],
            "id": "sg-070401f5d47b547fc",
            "ingress": [
              {
                "cidr_blocks": [
                  "10.0.0.0/16"
                ],
                "description": "",
                "from_port": 22,
                "ipv6_cidr_blocks": [],
                "prefix_list_ids": [],
                "protocol": "tcp",
                "security_groups": [],
                "self": false,
                "to_port": 22
              }
            ],
            "name": "terraform-20260330120137358900000003",
            "name_prefix": "terraform-",
            "owner_id": "211125453684",
            "region": "sa-east-1",
            "revoke_rules_on_delete": false,
            "tags": null,
            "tags_all": {},
            "timeouts": null,
            "vpc_id": "vpc-06371efad327236dd"
          },
          "sensitive_attributes": [],
          "identity_schema_version": 0,
          "identity": {
            "account_id": "211125453684",
            "id": "sg-070401f5d47b547fc",
            "region": "sa-east-1"
          },
          "private": "eyJlMmJmYjczMC1lY2FhLTExZTYtOGY4OC0zNDM2M2JjN2M0YzAiOnsiY3JlYXRlIjo2MDAwMDAwMDAwMDAsImRlbGV0ZSI6OTAwMDAwMDAwMDAwfSwic2NoZW1hX3ZlcnNpb24iOiIxIn0=",
          "dependencies": [
            "aws_vpc.main"
          ]
        }
      ]
    },
    {
      "mode": "managed",
      "type": "aws_security_group",
      "name": "public_sg",
      "provider": "provider[\"registry.terraform.io/hashicorp/aws\"]",
      "instances": [
        {
          "schema_version": 1,
          "attributes": {
            "arn": "arn:aws:ec2:sa-east-1:211125453684:security-group/sg-06b9499988adc3ba1",
            "description": "Managed by Terraform",
            "egress": [
              {
                "cidr_blocks": [
                  "0.0.0.0/0"
                ],
                "description": "",
                "from_port": 0,
                "ipv6_cidr_blocks": [],
                "prefix_list_ids": [],
                "protocol": "-1",
                "security_groups": [],
                "self": false,
                "to_port": 0
              }
            ],
            "id": "sg-06b9499988adc3ba1",
            "ingress": [
              {
                "cidr_blocks": [
                  "0.0.0.0/0"
                ],
                "description": "",
                "from_port": 22,
                "ipv6_cidr_blocks": [],
                "prefix_list_ids": [],
                "protocol": "tcp",
                "security_groups": [],
                "self": false,
                "to_port": 22
              },
              {
                "cidr_blocks": [
                  "0.0.0.0/0"
                ],
                "description": "",
                "from_port": 80,
                "ipv6_cidr_blocks": [],
                "prefix_list_ids": [],
                "protocol": "tcp",
                "security_groups": [],
                "self": false,
                "to_port": 80
              }
            ],
            "name": "terraform-20260330120137359500000004",
            "name_prefix": "terraform-",
            "owner_id": "211125453684",
            "region": "sa-east-1",
            "revoke_rules_on_delete": false,
            "tags": null,
            "tags_all": {},
            "timeouts": null,
            "vpc_id": "vpc-06371efad327236dd"
          },
          "sensitive_attributes": [],
          "identity_schema_version": 0,
          "identity": {
            "account_id": "211125453684",
            "id": "sg-06b9499988adc3ba1",
            "region": "sa-east-1"
          },
          "private": "eyJlMmJmYjczMC1lY2FhLTExZTYtOGY4OC0zNDM2M2JjN2M0YzAiOnsiY3JlYXRlIjo2MDAwMDAwMDAwMDAsImRlbGV0ZSI6OTAwMDAwMDAwMDAwfSwic2NoZW1hX3ZlcnNpb24iOiIxIn0=",
          "dependencies": [
            "aws_vpc.main"
          ]
        }
      ]
    },
    {
      "mode": "managed",
      "type": "aws_subnet",
      "name": "private",
      "provider": "provider[\"registry.terraform.io/hashicorp/aws\"]",
      "instances": [
        {
          "schema_version": 1,
          "attributes": {
            "arn": "arn:aws:ec2:sa-east-1:211125453684:subnet/subnet-046eb9c5cacc18058",
            "assign_ipv6_address_on_creation": false,
            "availability_zone": "sa-east-1b",
            "availability_zone_id": "sae1-az2",
            "cidr_block": "10.0.2.0/24",
            "customer_owned_ipv4_pool": "",
            "enable_dns64": false,
            "enable_lni_at_device_index": 0,
            "enable_resource_name_dns_a_record_on_launch": false,
            "enable_resource_name_dns_aaaa_record_on_launch": false,
            "id": "subnet-046eb9c5cacc18058",
            "ipv4_ipam_pool_id": null,
            "ipv4_netmask_length": null,
            "ipv6_cidr_block": "",
            "ipv6_cidr_block_association_id": "",
            "ipv6_ipam_pool_id": null,
            "ipv6_native": false,
            "ipv6_netmask_length": null,
            "map_customer_owned_ip_on_launch": false,
            "map_public_ip_on_launch": false,
            "outpost_arn": "",
            "owner_id": "211125453684",
            "private_dns_hostname_type_on_launch": "ip-name",
            "region": "sa-east-1",
            "tags": null,
            "tags_all": {},
            "timeouts": null,
            "vpc_id": "vpc-06371efad327236dd"
          },
          "sensitive_attributes": [],
          "identity_schema_version": 0,
          "identity": {
            "account_id": "211125453684",
            "id": "subnet-046eb9c5cacc18058",
            "region": "sa-east-1"
          },
          "private": "eyJlMmJmYjczMC1lY2FhLTExZTYtOGY4OC0zNDM2M2JjN2M0YzAiOnsiY3JlYXRlIjo2MDAwMDAwMDAwMDAsImRlbGV0ZSI6MTIwMDAwMDAwMDAwMH0sInNjaGVtYV92ZXJzaW9uIjoiMSJ9",
          "dependencies": [
            "aws_vpc.main"
          ]
        }
      ]
    },
    {
      "mode": "managed",
      "type": "aws_subnet",
      "name": "public",
      "provider": "provider[\"registry.terraform.io/hashicorp/aws\"]",
      "instances": [
        {
          "schema_version": 1,
          "attributes": {
            "arn": "arn:aws:ec2:sa-east-1:211125453684:subnet/subnet-086733247d9748615",
            "assign_ipv6_address_on_creation": false,
            "availability_zone": "sa-east-1a",
            "availability_zone_id": "sae1-az1",
            "cidr_block": "10.0.1.0/24",
            "customer_owned_ipv4_pool": "",
            "enable_dns64": false,
            "enable_lni_at_device_index": 0,
            "enable_resource_name_dns_a_record_on_launch": false,
            "enable_resource_name_dns_aaaa_record_on_launch": false,
            "id": "subnet-086733247d9748615",
            "ipv4_ipam_pool_id": null,
            "ipv4_netmask_length": null,
            "ipv6_cidr_block": "",
            "ipv6_cidr_block_association_id": "",
            "ipv6_ipam_pool_id": null,
            "ipv6_native": false,
            "ipv6_netmask_length": null,
            "map_customer_owned_ip_on_launch": false,
            "map_public_ip_on_launch": true,
            "outpost_arn": "",
            "owner_id": "211125453684",
            "private_dns_hostname_type_on_launch": "ip-name",
            "region": "sa-east-1",
            "tags": null,
            "tags_all": {},
            "timeouts": null,
            "vpc_id": "vpc-06371efad327236dd"
          },
          "sensitive_attributes": [],
          "identity_schema_version": 0,
          "identity": {
            "account_id": "211125453684",
            "id": "subnet-086733247d9748615",
            "region": "sa-east-1"
          },
          "private": "eyJlMmJmYjczMC1lY2FhLTExZTYtOGY4OC0zNDM2M2JjN2M0YzAiOnsiY3JlYXRlIjo2MDAwMDAwMDAwMDAsImRlbGV0ZSI6MTIwMDAwMDAwMDAwMH0sInNjaGVtYV92ZXJzaW9uIjoiMSJ9",
          "dependencies": [
            "aws_vpc.main"
          ]
        }
      ]
    },
    {
      "mode": "managed",
      "type": "aws_vpc",
      "name": "main",
      "provider": "provider[\"registry.terraform.io/hashicorp/aws\"]",
      "instances": [
        {
          "schema_version": 1,
          "attributes": {
            "arn": "arn:aws:ec2:sa-east-1:211125453684:vpc/vpc-06371efad327236dd",
            "assign_generated_ipv6_cidr_block": false,
            "cidr_block": "10.0.0.0/16",
            "default_network_acl_id": "acl-0f64c20a2da6dcc4d",
            "default_route_table_id": "rtb-0b6b74158484e4d45",
            "default_security_group_id": "sg-0ccb3ead96d4705f0",
            "dhcp_options_id": "dopt-07217302ba8b0e85a",
            "enable_dns_hostnames": false,
            "enable_dns_support": true,
            "enable_network_address_usage_metrics": false,
            "id": "vpc-06371efad327236dd",
            "instance_tenancy": "default",
            "ipv4_ipam_pool_id": null,
            "ipv4_netmask_length": null,
            "ipv6_association_id": "",
            "ipv6_cidr_block": "",
            "ipv6_cidr_block_network_border_group": "",
            "ipv6_ipam_pool_id": "",
            "ipv6_netmask_length": 0,
            "main_route_table_id": "rtb-0b6b74158484e4d45",
            "owner_id": "211125453684",
            "region": "sa-east-1",
            "tags": null,
            "tags_all": {}
          },
          "sensitive_attributes": [],
          "identity_schema_version": 0,
          "identity": {
            "account_id": "211125453684",
            "id": "vpc-06371efad327236dd",
            "region": "sa-east-1"
          },
          "private": "eyJzY2hlbWFfdmVyc2lvbiI6IjEifQ=="
        }
      ]
    },
    {
      "mode": "managed",
      "type": "local_file",
      "name": "private_key",
      "provider": "provider[\"registry.terraform.io/hashicorp/local\"]",
      "instances": [
        {
          "schema_version": 0,
          "attributes": {
            "content": "-----BEGIN RSA PRIVATE KEY-----\nMIIJKAIBAAKCAgEAvPXZGKYSWBFqLj5cEkVLyCLyvNxdty+gCI+jzLeURlHqGart\ni70Ig4vopuDEgj5rSzrFgeOggIwq1BwE6X3TvzDEWVlJIs/ZUt0CFvmxzGpOkxK5\nhphYvMirEfvPlv2NeZ8TZbs/fLzQaQfl5AxJeFdFq4WwxwIMtkOWZh2p+ckIiw5F\n37dMqmWg872Uitf6GYoZk1LdZ9+2tjiBpI+qsR/vdJ3j/fPMlasUewJ4k+9Yq8B6\n3XHRWS3kzAgOjXGtY9FhbAn7Z1A66JZi5OfGY0ccJhUQFGtiRxPrgz5WtK0XhUnX\nwNAkdjJ8B/xrC/P6wEv71Qp5K/pANhhi0igleACFMqiNWzzNHX0YWBtY+Lk6U534\nNkXEfuZ5hGowybiMBFt5iG45QCGawd8y3Y9jOEON+KHV6+0aJMpWDi3VKp9asrni\n+9rt3kfuMhnTiEfM9h5IKx40I4N+8OUMzshJqylFlWJOA7X+55zXXvaoZF7Ino2D\nS/bf9RdqWoNBFWbFbn8FOl2aaGS2t8/I3HVrwH1EGx9QOHMtHHsImCtW0nd1KkMr\nFY68zIm9g2c1cFVfIM3uoJ0Nqu+Cv6dwTkzog5XXyGiDbKQfYvRT5OW9/PvFhXom\ngEpf+QoBOcvHnb4ojqfq3YPeVmx2yLMWSBf/ynjqMCNCWSL1BW2nIbm4le8CAwEA\nAQKCAgAFtRlLFM0OCuydm/WU+bHZyDBzwuYzv8UCLTCB4POiEhxTjSWiqGGG86Vh\n0P0uf+smuQ45J6Jz74flozkEwm+wYS01E6zRV9zVE2baQc18gqN/7rta1OQtQ5Rj\nNStmgJ8S0tq3omm+/0b+PSZU9ogLkftBPIcD48x1fuIekHvPVyKibJpwsO0oYmxz\noEDJ1s8vkUvHduPIHOo8Y8WKrmo18mR9rb0ysPf3d1TliEQTF9IiUeyEHsl3e5rj\nDMU/wXS+xJbAOCb3TmWRG+W9y0BjREUV42H6c+nigrgE3U+qImZI+NuC7+aCCXFU\nnmuvTz2+LC1dmHTjfqoM2Dy3402KXn0QSZ+IEVygTIUSv2bWWFPhhDzsWdq7tOQ3\nU55Fs/F/DR7QR8LV74tlfe4KrLl0TRDSJ6CfJ9sYzU241NZpqzL9N7WwmZEB22/u\nUXxQpbMfALMZnTF3eJw5m8mmLKhw74OGSRc+E9bCQVvBkafxRK5gTUapdHBg/KD/\n+qchspXchJcZsIKroA5jZix8u5Cijnc5inRn1Hdk8NBqMBBaTgUhMDnv0wL068dB\n2XvssPEsmr8DtNr7p4MN1lWAGJBbAt9/6+jx1jO0bCMuCrl6HWtVwe9eZH/uMZuP\naekY/bjakBLMmUOXdtoJufD2h9Awl868LzOyo8CUKkBTXinxiQKCAQEAw6/OyHQq\nid1qeOsVJFT+SfOdZvDN98UeHejlq8smYOpxBAlKPsbz2zwrGcZXWaieBvXA6vn/\nQkj2KZ09fRrL3NqMioR6VQisHlcwZcXC13fL6t2LXW2AXiqQ2sfKmCd+Zgei8kb6\nqiSPqC0AiBrMWc67wfp9zjVyl7GpKHfMza5ma3492ydNvH7kbpPDtgPbiIbucvty\nkzHLmPbLgqGtHd7QF766CouQvU2Jo51xjnW3VALZSSAzsmQG6ioHsT40eoDRUHVg\ngIveTDJxyZexOFkA5gx5Az3bdvdyyL82o1bFO+WLBsPmy3u+okkgq6nvqcVQUktG\nrK4vw1EN3J6iVwKCAQEA9zNPOUqyfbGaKrt8MdkCoCHPOV1VMXhrPiHChhAcwEth\neLFOeIAcPvR4++4o3fb+hq6xF9FIfcd2Wgra1a79Gr6wV/1HGXEi2DTx3yqoiFo/\nPUvu7VFycd1ulmzagWZRPQHWKkCxWl/suspzdWfnu5CuhyA3OQwYc2/u5NO2sNBG\n700DJ899Xi1rt5yRuZpx6Gqp92ldEraG2XzyCXAaX6yRu8yRteG1Asu3Md99Vt5Z\nQZWW2Pqn3aaZASB1BxOSANOY08nL2F44T3b5r4N+7NCHQmqOT4/z3KgBJcFZ30j8\n97XUUsoH2jT3kyMYMRNkvDhWvUIZ+Cfvvxgdf/JaKQKCAQBJR6bqDgZ4BkB+85nB\nN0raqq4BBKA87sYucS7AvJysol6cIlZ5V8uuB8QkLNA9NRWoiZMq61+ZlPUJ9GY4\nWTaKiBUlMiMVgN/jpMbs9bfXNHdahohP/leZ69q+8x59CB0fXDC7BbWMzZA2bFPM\npCxuXSqWo5VFCWLWR6OPEf3R8ENOccH8NaW4ttQYTKF3oc4uPElDKcJoOLeDmrfv\nPVg03WGT4sqMdGNJYKXwbV8+9/olLcPszHBPl4G3YvHqf97rGR5JQQtYWAhxBFr0\nISgub7YUcAtJGXr7/AIyBtkRJcdKfNUpPWdKQBbNcxEW99ZV/xvrFWFr/PbJ76p/\nObCVAoIBAQCa1HBSmg6h25OMIFHxhtK2KXb5nxO1II9LIyoLfhwD9TLfvW5A2zzV\n0ZnVcZ33KLTS9qfFGzgkT8I5M4NNQ4UUM0uQUPsvXEVO1hqIhNd6T8w8QEsuKU1d\nNCwH27YgRk2rwHK7lDmBOYO0mwkmCCaEvGIUEIGGIaVO6FTgzhonNMy5JatMTBFh\n42EMZ+x+K9YclHJQnJXHGrvrjO6sKqLaOeQtlDvPh8cwMRhVDH4c4rdU9LS+woBR\nu/8pTYL/I6rXCbE3NbWPl7P9Ua+h1uKwwQt29facrrU3B6NwWmJIEBchr6mFETVJ\n3tMSPXDxjAwUN9VcRQKvA5SORDR15v3BAoIBAFJGjHTLCGtGbDL4gzAGdvQ7kGCM\npMRx7haRB9kbhrmL/3QvSIU6FSeKAXpaooc2/itE7YbYZ0QRraBnNVnLbgEMHYMX\nRYrgCnGdjsQMDfBCB647u8EKoimTCUKkYIk1kiy0bzxP/wmzlBmZTGoHX7Mig1Fz\nPfkAGIaKEVRQEq//t372yQWJyCgLnAxcWCqdDWBFzpT2KrAmzXYxmuzHj1/vnID9\nicQa2RXhvLqzzcpSQ0gDzD8/bz1OL3j8KIVx5Orb9/SxC4KMeQJ54NVt7tbG808S\n4M77TKp6GR5zse+vv4poGmWrK4hXk9O0aTeWvyUDTV+wBQ1duAkox29DiDo=\n-----END RSA PRIVATE KEY-----\n",
            "content_base64": null,
            "content_base64sha256": "K2pZoqzgGgcYS7sYH2uSwbmktdAOvscCYnG7eq7QIXA=",
            "content_base64sha512": "YZGNzwj9i3uaG/e6GWRATjuAX4lQAvmlxcI98GyWssFXaXPLgQQbnn0v47UtZfPQ+bZ2vGRJ7KvHmKFfVV+Txw==",
            "content_md5": "8443d631ac97363110dfcd68208811d2",
            "content_sha1": "5ead3ccd03a0d64d79405c35372deed89f7f9f0d",
            "content_sha256": "2b6a59a2ace01a07184bbb181f6b92c1b9a4b5d00ebec7026271bb7aaed02170",
            "content_sha512": "61918dcf08fd8b7b9a1bf7ba1964404e3b805f895002f9a5c5c23df06c96b2c1576973cb81041b9e7d2fe3b52d65f3d0f9b676bc6449ecabc798a15f555f93c7",
            "directory_permission": "0777",
            "file_permission": "0400",
            "filename": "C:/Users/arrey/Downloads/my-key.pem",
            "id": "5ead3ccd03a0d64d79405c35372deed89f7f9f0d",
            "sensitive_content": null,
            "source": null
          },
          "sensitive_attributes": [
            [
              {
                "type": "get_attr",
                "value": "content"
              }
            ],
            [
              {
                "type": "get_attr",
                "value": "sensitive_content"
              }
            ]
          ],
          "identity_schema_version": 0,
          "dependencies": [
            "tls_private_key.generated"
          ]
        }
      ]
    },
    {
      "mode": "managed",
      "type": "tls_private_key",
      "name": "generated",
      "provider": "provider[\"registry.terraform.io/hashicorp/tls\"]",
      "instances": [
        {
          "schema_version": 1,
          "attributes": {
            "algorithm": "RSA",
            "ecdsa_curve": "P224",
            "id": "91872925b5c318b8e94c8d2bec3537cd3a9ac889",
            "private_key_openssh": "-----BEGIN OPENSSH PRIVATE KEY-----\nb3BlbnNzaC1rZXktdjEAAAAABG5vbmUAAAAEbm9uZQAAAAAAAAABAAACFwAAAAdz\nc2gtcnNhAAAAAwEAAQAAAgEAvPXZGKYSWBFqLj5cEkVLyCLyvNxdty+gCI+jzLeU\nRlHqGarti70Ig4vopuDEgj5rSzrFgeOggIwq1BwE6X3TvzDEWVlJIs/ZUt0CFvmx\nzGpOkxK5hphYvMirEfvPlv2NeZ8TZbs/fLzQaQfl5AxJeFdFq4WwxwIMtkOWZh2p\n+ckIiw5F37dMqmWg872Uitf6GYoZk1LdZ9+2tjiBpI+qsR/vdJ3j/fPMlasUewJ4\nk+9Yq8B63XHRWS3kzAgOjXGtY9FhbAn7Z1A66JZi5OfGY0ccJhUQFGtiRxPrgz5W\ntK0XhUnXwNAkdjJ8B/xrC/P6wEv71Qp5K/pANhhi0igleACFMqiNWzzNHX0YWBtY\n+Lk6U534NkXEfuZ5hGowybiMBFt5iG45QCGawd8y3Y9jOEON+KHV6+0aJMpWDi3V\nKp9asrni+9rt3kfuMhnTiEfM9h5IKx40I4N+8OUMzshJqylFlWJOA7X+55zXXvao\nZF7Ino2DS/bf9RdqWoNBFWbFbn8FOl2aaGS2t8/I3HVrwH1EGx9QOHMtHHsImCtW\n0nd1KkMrFY68zIm9g2c1cFVfIM3uoJ0Nqu+Cv6dwTkzog5XXyGiDbKQfYvRT5OW9\n/PvFhXomgEpf+QoBOcvHnb4ojqfq3YPeVmx2yLMWSBf/ynjqMCNCWSL1BW2nIbm4\nle8AAAc4+eiZsfnombEAAAAHc3NoLXJzYQAAAgEAvPXZGKYSWBFqLj5cEkVLyCLy\nvNxdty+gCI+jzLeURlHqGarti70Ig4vopuDEgj5rSzrFgeOggIwq1BwE6X3TvzDE\nWVlJIs/ZUt0CFvmxzGpOkxK5hphYvMirEfvPlv2NeZ8TZbs/fLzQaQfl5AxJeFdF\nq4WwxwIMtkOWZh2p+ckIiw5F37dMqmWg872Uitf6GYoZk1LdZ9+2tjiBpI+qsR/v\ndJ3j/fPMlasUewJ4k+9Yq8B63XHRWS3kzAgOjXGtY9FhbAn7Z1A66JZi5OfGY0cc\nJhUQFGtiRxPrgz5WtK0XhUnXwNAkdjJ8B/xrC/P6wEv71Qp5K/pANhhi0igleACF\nMqiNWzzNHX0YWBtY+Lk6U534NkXEfuZ5hGowybiMBFt5iG45QCGawd8y3Y9jOEON\n+KHV6+0aJMpWDi3VKp9asrni+9rt3kfuMhnTiEfM9h5IKx40I4N+8OUMzshJqylF\nlWJOA7X+55zXXvaoZF7Ino2DS/bf9RdqWoNBFWbFbn8FOl2aaGS2t8/I3HVrwH1E\nGx9QOHMtHHsImCtW0nd1KkMrFY68zIm9g2c1cFVfIM3uoJ0Nqu+Cv6dwTkzog5XX\nyGiDbKQfYvRT5OW9/PvFhXomgEpf+QoBOcvHnb4ojqfq3YPeVmx2yLMWSBf/ynjq\nMCNCWSL1BW2nIbm4le8AAAADAQABAAACAAW1GUsUzQ4K7J2b9ZT5sdnIMHPC5jO/\nxQItMIHg86ISHFONJaKoYYbzpWHQ/S5/6ya5DjknonPvh+WjOQTCb7BhLTUTrNFX\n3NUTZtpBzXyCo3/uu1rU5C1DlGM1K2aAnxLS2reiab7/Rv49JlT2iAuR+0E8hwPj\nzHV+4h6Qe89XIqJsmnCw7ShibHOgQMnWzy+RS8d248gc6jxjxYquajXyZH2tvTKw\n9/d3VOWIRBMX0iJR7IQeyXd7muMMxT/BdL7ElsA4JvdOZZEb5b3LQGNERRXjYfpz\n6eKCuATdT6oiZkj424Lv5oIJcVSea69PPb4sLV2YdON+qgzYPLfjTYpefRBJn4gR\nXKBMhRK/ZtZYU+GEPOxZ2ru05DdTnkWz8X8NHtBHwtXvi2V97gqsuXRNENInoJ8n\n2xjNTbjU1mmrMv03tbCZkQHbb+5RfFClsx8AsxmdMXd4nDmbyaYsqHDvg4ZJFz4T\n1sJBW8GRp/FErmBNRql0cGD8oP/6pyGyldyElxmwgqugDmNmLHy7kKKOdzmKdGfU\nd2Tw0GowEFpOBSEwOe/TAvTrx0HZe+yw8SyavwO02vungw3WVYAYkFsC33/r6PHW\nM7RsIy4KuXoda1XB715kf+4xm49p6Rj9uNqQEsyZQ5d22gm58PaH0DCXzrwvM7Kj\nwJQqQFNeKfGJAAABAFJGjHTLCGtGbDL4gzAGdvQ7kGCMpMRx7haRB9kbhrmL/3Qv\nSIU6FSeKAXpaooc2/itE7YbYZ0QRraBnNVnLbgEMHYMXRYrgCnGdjsQMDfBCB647\nu8EKoimTCUKkYIk1kiy0bzxP/wmzlBmZTGoHX7Mig1FzPfkAGIaKEVRQEq//t372\nyQWJyCgLnAxcWCqdDWBFzpT2KrAmzXYxmuzHj1/vnID9icQa2RXhvLqzzcpSQ0gD\nzD8/bz1OL3j8KIVx5Orb9/SxC4KMeQJ54NVt7tbG808S4M77TKp6GR5zse+vv4po\nGmWrK4hXk9O0aTeWvyUDTV+wBQ1duAkox29DiDoAAAEBAMOvzsh0KondanjrFSRU\n/knznWbwzffFHh3o5avLJmDqcQQJSj7G89s8KxnGV1mongb1wOr5/0JI9imdPX0a\ny9zajIqEelUIrB5XMGXFwtd3y+rdi11tgF4qkNrHypgnfmYHovJG+qokj6gtAIga\nzFnOu8H6fc41cpexqSh3zM2uZmt+PdsnTbx+5G6Tw7YD24iG7nL7cpMxy5j2y4Kh\nrR3e0Be+ugqLkL1NiaOdcY51t1QC2UkgM7JkBuoqB7E+NHqA0VB1YICL3kwyccmX\nsThZAOYMeQM923b3csi/NqNWxTvliwbD5st7vqJJIKup76nFUFJLRqyuL8NRDdye\nolcAAAEBAPczTzlKsn2xmiq7fDHZAqAhzzldVTF4az4hwoYQHMBLYXixTniAHD70\nePvuKN32/oausRfRSH3HdloK2tWu/Rq+sFf9RxlxItg08d8qqIhaPz1L7u1RcnHd\nbpZs2oFmUT0B1ipAsVpf7LrKc3Vn57uQrocgNzkMGHNv7uTTtrDQRu9NAyfPfV4t\na7eckbmacehqqfdpXRK2htl88glwGl+skbvMkbXhtQLLtzHffVbeWUGVltj6p92m\nmQEgdQcTkgDTmNPJy9heOE92+a+DfuzQh0Jqjk+P89yoASXBWd9I/Pe11FLKB9o0\n95MjGDETZLw4Vr1CGfgn778YHX/yWikAAAAAAQID\n-----END OPENSSH PRIVATE KEY-----\n",
            "private_key_pem": "-----BEGIN RSA PRIVATE KEY-----\nMIIJKAIBAAKCAgEAvPXZGKYSWBFqLj5cEkVLyCLyvNxdty+gCI+jzLeURlHqGart\ni70Ig4vopuDEgj5rSzrFgeOggIwq1BwE6X3TvzDEWVlJIs/ZUt0CFvmxzGpOkxK5\nhphYvMirEfvPlv2NeZ8TZbs/fLzQaQfl5AxJeFdFq4WwxwIMtkOWZh2p+ckIiw5F\n37dMqmWg872Uitf6GYoZk1LdZ9+2tjiBpI+qsR/vdJ3j/fPMlasUewJ4k+9Yq8B6\n3XHRWS3kzAgOjXGtY9FhbAn7Z1A66JZi5OfGY0ccJhUQFGtiRxPrgz5WtK0XhUnX\nwNAkdjJ8B/xrC/P6wEv71Qp5K/pANhhi0igleACFMqiNWzzNHX0YWBtY+Lk6U534\nNkXEfuZ5hGowybiMBFt5iG45QCGawd8y3Y9jOEON+KHV6+0aJMpWDi3VKp9asrni\n+9rt3kfuMhnTiEfM9h5IKx40I4N+8OUMzshJqylFlWJOA7X+55zXXvaoZF7Ino2D\nS/bf9RdqWoNBFWbFbn8FOl2aaGS2t8/I3HVrwH1EGx9QOHMtHHsImCtW0nd1KkMr\nFY68zIm9g2c1cFVfIM3uoJ0Nqu+Cv6dwTkzog5XXyGiDbKQfYvRT5OW9/PvFhXom\ngEpf+QoBOcvHnb4ojqfq3YPeVmx2yLMWSBf/ynjqMCNCWSL1BW2nIbm4le8CAwEA\nAQKCAgAFtRlLFM0OCuydm/WU+bHZyDBzwuYzv8UCLTCB4POiEhxTjSWiqGGG86Vh\n0P0uf+smuQ45J6Jz74flozkEwm+wYS01E6zRV9zVE2baQc18gqN/7rta1OQtQ5Rj\nNStmgJ8S0tq3omm+/0b+PSZU9ogLkftBPIcD48x1fuIekHvPVyKibJpwsO0oYmxz\noEDJ1s8vkUvHduPIHOo8Y8WKrmo18mR9rb0ysPf3d1TliEQTF9IiUeyEHsl3e5rj\nDMU/wXS+xJbAOCb3TmWRG+W9y0BjREUV42H6c+nigrgE3U+qImZI+NuC7+aCCXFU\nnmuvTz2+LC1dmHTjfqoM2Dy3402KXn0QSZ+IEVygTIUSv2bWWFPhhDzsWdq7tOQ3\nU55Fs/F/DR7QR8LV74tlfe4KrLl0TRDSJ6CfJ9sYzU241NZpqzL9N7WwmZEB22/u\nUXxQpbMfALMZnTF3eJw5m8mmLKhw74OGSRc+E9bCQVvBkafxRK5gTUapdHBg/KD/\n+qchspXchJcZsIKroA5jZix8u5Cijnc5inRn1Hdk8NBqMBBaTgUhMDnv0wL068dB\n2XvssPEsmr8DtNr7p4MN1lWAGJBbAt9/6+jx1jO0bCMuCrl6HWtVwe9eZH/uMZuP\naekY/bjakBLMmUOXdtoJufD2h9Awl868LzOyo8CUKkBTXinxiQKCAQEAw6/OyHQq\nid1qeOsVJFT+SfOdZvDN98UeHejlq8smYOpxBAlKPsbz2zwrGcZXWaieBvXA6vn/\nQkj2KZ09fRrL3NqMioR6VQisHlcwZcXC13fL6t2LXW2AXiqQ2sfKmCd+Zgei8kb6\nqiSPqC0AiBrMWc67wfp9zjVyl7GpKHfMza5ma3492ydNvH7kbpPDtgPbiIbucvty\nkzHLmPbLgqGtHd7QF766CouQvU2Jo51xjnW3VALZSSAzsmQG6ioHsT40eoDRUHVg\ngIveTDJxyZexOFkA5gx5Az3bdvdyyL82o1bFO+WLBsPmy3u+okkgq6nvqcVQUktG\nrK4vw1EN3J6iVwKCAQEA9zNPOUqyfbGaKrt8MdkCoCHPOV1VMXhrPiHChhAcwEth\neLFOeIAcPvR4++4o3fb+hq6xF9FIfcd2Wgra1a79Gr6wV/1HGXEi2DTx3yqoiFo/\nPUvu7VFycd1ulmzagWZRPQHWKkCxWl/suspzdWfnu5CuhyA3OQwYc2/u5NO2sNBG\n700DJ899Xi1rt5yRuZpx6Gqp92ldEraG2XzyCXAaX6yRu8yRteG1Asu3Md99Vt5Z\nQZWW2Pqn3aaZASB1BxOSANOY08nL2F44T3b5r4N+7NCHQmqOT4/z3KgBJcFZ30j8\n97XUUsoH2jT3kyMYMRNkvDhWvUIZ+Cfvvxgdf/JaKQKCAQBJR6bqDgZ4BkB+85nB\nN0raqq4BBKA87sYucS7AvJysol6cIlZ5V8uuB8QkLNA9NRWoiZMq61+ZlPUJ9GY4\nWTaKiBUlMiMVgN/jpMbs9bfXNHdahohP/leZ69q+8x59CB0fXDC7BbWMzZA2bFPM\npCxuXSqWo5VFCWLWR6OPEf3R8ENOccH8NaW4ttQYTKF3oc4uPElDKcJoOLeDmrfv\nPVg03WGT4sqMdGNJYKXwbV8+9/olLcPszHBPl4G3YvHqf97rGR5JQQtYWAhxBFr0\nISgub7YUcAtJGXr7/AIyBtkRJcdKfNUpPWdKQBbNcxEW99ZV/xvrFWFr/PbJ76p/\nObCVAoIBAQCa1HBSmg6h25OMIFHxhtK2KXb5nxO1II9LIyoLfhwD9TLfvW5A2zzV\n0ZnVcZ33KLTS9qfFGzgkT8I5M4NNQ4UUM0uQUPsvXEVO1hqIhNd6T8w8QEsuKU1d\nNCwH27YgRk2rwHK7lDmBOYO0mwkmCCaEvGIUEIGGIaVO6FTgzhonNMy5JatMTBFh\n42EMZ+x+K9YclHJQnJXHGrvrjO6sKqLaOeQtlDvPh8cwMRhVDH4c4rdU9LS+woBR\nu/8pTYL/I6rXCbE3NbWPl7P9Ua+h1uKwwQt29facrrU3B6NwWmJIEBchr6mFETVJ\n3tMSPXDxjAwUN9VcRQKvA5SORDR15v3BAoIBAFJGjHTLCGtGbDL4gzAGdvQ7kGCM\npMRx7haRB9kbhrmL/3QvSIU6FSeKAXpaooc2/itE7YbYZ0QRraBnNVnLbgEMHYMX\nRYrgCnGdjsQMDfBCB647u8EKoimTCUKkYIk1kiy0bzxP/wmzlBmZTGoHX7Mig1Fz\nPfkAGIaKEVRQEq//t372yQWJyCgLnAxcWCqdDWBFzpT2KrAmzXYxmuzHj1/vnID9\nicQa2RXhvLqzzcpSQ0gDzD8/bz1OL3j8KIVx5Orb9/SxC4KMeQJ54NVt7tbG808S\n4M77TKp6GR5zse+vv4poGmWrK4hXk9O0aTeWvyUDTV+wBQ1duAkox29DiDo=\n-----END RSA PRIVATE KEY-----\n",
            "private_key_pem_pkcs8": "-----BEGIN PRIVATE KEY-----\nMIIJQgIBADANBgkqhkiG9w0BAQEFAASCCSwwggkoAgEAAoICAQC89dkYphJYEWou\nPlwSRUvIIvK83F23L6AIj6PMt5RGUeoZqu2LvQiDi+im4MSCPmtLOsWB46CAjCrU\nHATpfdO/MMRZWUkiz9lS3QIW+bHMak6TErmGmFi8yKsR+8+W/Y15nxNluz98vNBp\nB+XkDEl4V0WrhbDHAgy2Q5ZmHan5yQiLDkXft0yqZaDzvZSK1/oZihmTUt1n37a2\nOIGkj6qxH+90neP988yVqxR7AniT71irwHrdcdFZLeTMCA6Nca1j0WFsCftnUDro\nlmLk58ZjRxwmFRAUa2JHE+uDPla0rReFSdfA0CR2MnwH/GsL8/rAS/vVCnkr+kA2\nGGLSKCV4AIUyqI1bPM0dfRhYG1j4uTpTnfg2RcR+5nmEajDJuIwEW3mIbjlAIZrB\n3zLdj2M4Q434odXr7RokylYOLdUqn1qyueL72u3eR+4yGdOIR8z2HkgrHjQjg37w\n5QzOyEmrKUWVYk4Dtf7nnNde9qhkXsiejYNL9t/1F2pag0EVZsVufwU6XZpoZLa3\nz8jcdWvAfUQbH1A4cy0cewiYK1bSd3UqQysVjrzMib2DZzVwVV8gze6gnQ2q74K/\np3BOTOiDldfIaINspB9i9FPk5b38+8WFeiaASl/5CgE5y8edviiOp+rdg95WbHbI\nsxZIF//KeOowI0JZIvUFbachubiV7wIDAQABAoICAAW1GUsUzQ4K7J2b9ZT5sdnI\nMHPC5jO/xQItMIHg86ISHFONJaKoYYbzpWHQ/S5/6ya5DjknonPvh+WjOQTCb7Bh\nLTUTrNFX3NUTZtpBzXyCo3/uu1rU5C1DlGM1K2aAnxLS2reiab7/Rv49JlT2iAuR\n+0E8hwPjzHV+4h6Qe89XIqJsmnCw7ShibHOgQMnWzy+RS8d248gc6jxjxYquajXy\nZH2tvTKw9/d3VOWIRBMX0iJR7IQeyXd7muMMxT/BdL7ElsA4JvdOZZEb5b3LQGNE\nRRXjYfpz6eKCuATdT6oiZkj424Lv5oIJcVSea69PPb4sLV2YdON+qgzYPLfjTYpe\nfRBJn4gRXKBMhRK/ZtZYU+GEPOxZ2ru05DdTnkWz8X8NHtBHwtXvi2V97gqsuXRN\nENInoJ8n2xjNTbjU1mmrMv03tbCZkQHbb+5RfFClsx8AsxmdMXd4nDmbyaYsqHDv\ng4ZJFz4T1sJBW8GRp/FErmBNRql0cGD8oP/6pyGyldyElxmwgqugDmNmLHy7kKKO\ndzmKdGfUd2Tw0GowEFpOBSEwOe/TAvTrx0HZe+yw8SyavwO02vungw3WVYAYkFsC\n33/r6PHWM7RsIy4KuXoda1XB715kf+4xm49p6Rj9uNqQEsyZQ5d22gm58PaH0DCX\nzrwvM7KjwJQqQFNeKfGJAoIBAQDDr87IdCqJ3Wp46xUkVP5J851m8M33xR4d6OWr\nyyZg6nEECUo+xvPbPCsZxldZqJ4G9cDq+f9CSPYpnT19Gsvc2oyKhHpVCKweVzBl\nxcLXd8vq3YtdbYBeKpDax8qYJ35mB6LyRvqqJI+oLQCIGsxZzrvB+n3ONXKXsako\nd8zNrmZrfj3bJ028fuRuk8O2A9uIhu5y+3KTMcuY9suCoa0d3tAXvroKi5C9TYmj\nnXGOdbdUAtlJIDOyZAbqKgexPjR6gNFQdWCAi95MMnHJl7E4WQDmDHkDPdt293LI\nvzajVsU75YsGw+bLe76iSSCrqe+pxVBSS0asri/DUQ3cnqJXAoIBAQD3M085SrJ9\nsZoqu3wx2QKgIc85XVUxeGs+IcKGEBzAS2F4sU54gBw+9Hj77ijd9v6GrrEX0Uh9\nx3ZaCtrVrv0avrBX/UcZcSLYNPHfKqiIWj89S+7tUXJx3W6WbNqBZlE9AdYqQLFa\nX+y6ynN1Z+e7kK6HIDc5DBhzb+7k07aw0EbvTQMnz31eLWu3nJG5mnHoaqn3aV0S\ntobZfPIJcBpfrJG7zJG14bUCy7cx331W3llBlZbY+qfdppkBIHUHE5IA05jTycvY\nXjhPdvmvg37s0IdCao5Pj/PcqAElwVnfSPz3tdRSygfaNPeTIxgxE2S8OFa9Qhn4\nJ++/GB1/8lopAoIBAElHpuoOBngGQH7zmcE3StqqrgEEoDzuxi5xLsC8nKyiXpwi\nVnlXy64HxCQs0D01FaiJkyrrX5mU9Qn0ZjhZNoqIFSUyIxWA3+Okxuz1t9c0d1qG\niE/+V5nr2r7zHn0IHR9cMLsFtYzNkDZsU8ykLG5dKpajlUUJYtZHo48R/dHwQ05x\nwfw1pbi21BhMoXehzi48SUMpwmg4t4Oat+89WDTdYZPiyox0Y0lgpfBtXz73+iUt\nw+zMcE+Xgbdi8ep/3usZHklBC1hYCHEEWvQhKC5vthRwC0kZevv8AjIG2RElx0p8\n1Sk9Z0pAFs1zERb31lX/G+sVYWv89snvqn85sJUCggEBAJrUcFKaDqHbk4wgUfGG\n0rYpdvmfE7Ugj0sjKgt+HAP1Mt+9bkDbPNXRmdVxnfcotNL2p8UbOCRPwjkzg01D\nhRQzS5BQ+y9cRU7WGoiE13pPzDxASy4pTV00LAfbtiBGTavAcruUOYE5g7SbCSYI\nJoS8YhQQgYYhpU7oVODOGic0zLklq0xMEWHjYQxn7H4r1hyUclCclccau+uM7qwq\noto55C2UO8+HxzAxGFUMfhzit1T0tL7CgFG7/ylNgv8jqtcJsTc1tY+Xs/1Rr6HW\n4rDBC3b19pyutTcHo3BaYkgQFyGvqYURNUne0xI9cPGMDBQ31VxFAq8DlI5ENHXm\n/cECggEAUkaMdMsIa0ZsMviDMAZ29DuQYIykxHHuFpEH2RuGuYv/dC9IhToVJ4oB\nelqihzb+K0TththnRBGtoGc1WctuAQwdgxdFiuAKcZ2OxAwN8EIHrju7wQqiKZMJ\nQqRgiTWSLLRvPE//CbOUGZlMagdfsyKDUXM9+QAYhooRVFASr/+3fvbJBYnIKAuc\nDFxYKp0NYEXOlPYqsCbNdjGa7MePX++cgP2JxBrZFeG8urPNylJDSAPMPz9vPU4v\nePwohXHk6tv39LELgox5Anng1W3u1sbzTxLgzvtMqnoZHnOx76+/imgaZasriFeT\n07RpN5a/JQNNX7AFDV24CSjHb0OIOg==\n-----END PRIVATE KEY-----\n",
            "public_key_fingerprint_md5": "98:75:54:0a:f7:21:f4:be:b7:cf:38:10:6f:b0:65:bc",
            "public_key_fingerprint_sha256": "SHA256:WM6mECwlVc8RdR7c+X/w9YLj2mm2jKEucV4QqQSEkoI",
            "public_key_openssh": "ssh-rsa AAAAB3NzaC1yc2EAAAADAQABAAACAQC89dkYphJYEWouPlwSRUvIIvK83F23L6AIj6PMt5RGUeoZqu2LvQiDi+im4MSCPmtLOsWB46CAjCrUHATpfdO/MMRZWUkiz9lS3QIW+bHMak6TErmGmFi8yKsR+8+W/Y15nxNluz98vNBpB+XkDEl4V0WrhbDHAgy2Q5ZmHan5yQiLDkXft0yqZaDzvZSK1/oZihmTUt1n37a2OIGkj6qxH+90neP988yVqxR7AniT71irwHrdcdFZLeTMCA6Nca1j0WFsCftnUDrolmLk58ZjRxwmFRAUa2JHE+uDPla0rReFSdfA0CR2MnwH/GsL8/rAS/vVCnkr+kA2GGLSKCV4AIUyqI1bPM0dfRhYG1j4uTpTnfg2RcR+5nmEajDJuIwEW3mIbjlAIZrB3zLdj2M4Q434odXr7RokylYOLdUqn1qyueL72u3eR+4yGdOIR8z2HkgrHjQjg37w5QzOyEmrKUWVYk4Dtf7nnNde9qhkXsiejYNL9t/1F2pag0EVZsVufwU6XZpoZLa3z8jcdWvAfUQbH1A4cy0cewiYK1bSd3UqQysVjrzMib2DZzVwVV8gze6gnQ2q74K/p3BOTOiDldfIaINspB9i9FPk5b38+8WFeiaASl/5CgE5y8edviiOp+rdg95WbHbIsxZIF//KeOowI0JZIvUFbachubiV7w==\n",
            "public_key_pem": "-----BEGIN PUBLIC KEY-----\nMIICIjANBgkqhkiG9w0BAQEFAAOCAg8AMIICCgKCAgEAvPXZGKYSWBFqLj5cEkVL\nyCLyvNxdty+gCI+jzLeURlHqGarti70Ig4vopuDEgj5rSzrFgeOggIwq1BwE6X3T\nvzDEWVlJIs/ZUt0CFvmxzGpOkxK5hphYvMirEfvPlv2NeZ8TZbs/fLzQaQfl5AxJ\neFdFq4WwxwIMtkOWZh2p+ckIiw5F37dMqmWg872Uitf6GYoZk1LdZ9+2tjiBpI+q\nsR/vdJ3j/fPMlasUewJ4k+9Yq8B63XHRWS3kzAgOjXGtY9FhbAn7Z1A66JZi5OfG\nY0ccJhUQFGtiRxPrgz5WtK0XhUnXwNAkdjJ8B/xrC/P6wEv71Qp5K/pANhhi0igl\neACFMqiNWzzNHX0YWBtY+Lk6U534NkXEfuZ5hGowybiMBFt5iG45QCGawd8y3Y9j\nOEON+KHV6+0aJMpWDi3VKp9asrni+9rt3kfuMhnTiEfM9h5IKx40I4N+8OUMzshJ\nqylFlWJOA7X+55zXXvaoZF7Ino2DS/bf9RdqWoNBFWbFbn8FOl2aaGS2t8/I3HVr\nwH1EGx9QOHMtHHsImCtW0nd1KkMrFY68zIm9g2c1cFVfIM3uoJ0Nqu+Cv6dwTkzo\ng5XXyGiDbKQfYvRT5OW9/PvFhXomgEpf+QoBOcvHnb4ojqfq3YPeVmx2yLMWSBf/\nynjqMCNCWSL1BW2nIbm4le8CAwEAAQ==\n-----END PUBLIC KEY-----\n",
            "rsa_bits": 4096
          },
          "sensitive_attributes": [
            [
              {
                "type": "get_attr",
                "value": "private_key_openssh"
              }
            ],
            [
              {
                "type": "get_attr",
                "value": "private_key_pem"
              }
            ],
            [
              {
                "type": "get_attr",
                "value": "private_key_pem_pkcs8"
              }
            ]
          ],
          "identity_schema_version": 0
        }
      ]
    }
  ],
  "check_results": null
}
